
Microsoft Visual Studio Solution File, Format Version 12.00
# Visual Studio 2015
Project("{FAE04EC0-301F-11D3-BF4B-00C04F79EFBC}") = "HorrorEscape.CSharp.Plugins", "HorrorEscape.CSharp.Plugins.csproj", "{D58E9CD7-A2C6-4D2D-FD47-5EF5976A232C}"
EndProject
Project("{FAE04EC0-301F-11D3-BF4B-00C04F79EFBC}") = "HorrorEscape.CSharp", "HorrorEscape.CSharp.csproj", "{F624DE3F-140E-E25E-890C-671261FC0F78}"
EndProject
Project("{FAE04EC0-301F-11D3-BF4B-00C04F79EFBC}") = "HorrorEscape.CSharp.Editor", "HorrorEscape.CSharp.Editor.csproj", "{9388EA37-B85E-9584-1A49-07C62078C00B}"
EndProject
Global
	GlobalSection(SolutionConfigurationPlatforms) = preSolution
		Debug|Any CPU = Debug|Any CPU
		Release|Any CPU = Release|Any CPU
	EndGlobalSection
	GlobalSection(ProjectConfigurationPlatforms) = postSolution
		{D58E9CD7-A2C6-4D2D-FD47-5EF5976A232C}.Debug|Any CPU.ActiveCfg = Debug|Any CPU
		{D58E9CD7-A2C6-4D2D-FD47-5EF5976A232C}.Debug|Any CPU.Build.0 = Debug|Any CPU
		{D58E9CD7-A2C6-4D2D-FD47-5EF5976A232C}.Release|Any CPU.ActiveCfg = Release|Any CPU
		{D58E9CD7-A2C6-4D2D-FD47-5EF5976A232C}.Release|Any CPU.Build.0 = Release|Any CPU
		{F624DE3F-140E-E25E-890C-671261FC0F78}.Debug|Any CPU.ActiveCfg = Debug|Any CPU
		{F624DE3F-140E-E25E-890C-671261FC0F78}.Debug|Any CPU.Build.0 = Debug|Any CPU
		{F624DE3F-140E-E25E-890C-671261FC0F78}.Release|Any CPU.ActiveCfg = Release|Any CPU
		{F624DE3F-140E-E25E-890C-671261FC0F78}.Release|Any CPU.Build.0 = Release|Any CPU
		{9388EA37-B85E-9584-1A49-07C62078C00B}.Debug|Any CPU.ActiveCfg = Debug|Any CPU
		{9388EA37-B85E-9584-1A49-07C62078C00B}.Debug|Any CPU.Build.0 = Debug|Any CPU
		{9388EA37-B85E-9584-1A49-07C62078C00B}.Release|Any CPU.ActiveCfg = Release|Any CPU
		{9388EA37-B85E-9584-1A49-07C62078C00B}.Release|Any CPU.Build.0 = Release|Any CPU
	EndGlobalSection
	GlobalSection(SolutionProperties) = preSolution
		HideSolutionNode = FALSE
	EndGlobalSection
EndGlobal
