Microsoft Visual Studio Solution File, Format Version 11.00
# Visual Studio 2008

Project("{78DB9B70-0166-4C68-2306-5BE9B92A4C76}") = "HorrorEscape", "Assembly-CSharp-firstpass.csproj", "{45036E0D-7253-0E4D-8262-3D2FC8388D7D}"
EndProject
Project("{78DB9B70-0166-4C68-2306-5BE9B92A4C76}") = "HorrorEscape", "Assembly-CSharp.csproj", "{82786DFD-8E36-E747-3341-4F623DC3CC86}"
EndProject
Project("{78DB9B70-0166-4C68-2306-5BE9B92A4C76}") = "HorrorEscape", "Assembly-CSharp-Editor.csproj", "{458C5108-D17E-374F-FA41-8556C0C2B9D1}"
EndProject
Global
	GlobalSection(SolutionConfigurationPlatforms) = preSolution
		Debug|Any CPU = Debug|Any CPU
		Release|Any CPU = Release|Any CPU
	EndGlobalSection
	GlobalSection(ProjectConfigurationPlatforms) = postSolution
		{45036E0D-7253-0E4D-8262-3D2FC8388D7D}.Debug|Any CPU.ActiveCfg = Debug|Any CPU
		{45036E0D-7253-0E4D-8262-3D2FC8388D7D}.Debug|Any CPU.Build.0 = Debug|Any CPU
		{45036E0D-7253-0E4D-8262-3D2FC8388D7D}.Release|Any CPU.ActiveCfg = Release|Any CPU
		{45036E0D-7253-0E4D-8262-3D2FC8388D7D}.Release|Any CPU.Build.0 = Release|Any CPU
		{82786DFD-8E36-E747-3341-4F623DC3CC86}.Debug|Any CPU.ActiveCfg = Debug|Any CPU
		{82786DFD-8E36-E747-3341-4F623DC3CC86}.Debug|Any CPU.Build.0 = Debug|Any CPU
		{82786DFD-8E36-E747-3341-4F623DC3CC86}.Release|Any CPU.ActiveCfg = Release|Any CPU
		{82786DFD-8E36-E747-3341-4F623DC3CC86}.Release|Any CPU.Build.0 = Release|Any CPU
		{458C5108-D17E-374F-FA41-8556C0C2B9D1}.Debug|Any CPU.ActiveCfg = Debug|Any CPU
		{458C5108-D17E-374F-FA41-8556C0C2B9D1}.Debug|Any CPU.Build.0 = Debug|Any CPU
		{458C5108-D17E-374F-FA41-8556C0C2B9D1}.Release|Any CPU.ActiveCfg = Release|Any CPU
		{458C5108-D17E-374F-FA41-8556C0C2B9D1}.Release|Any CPU.Build.0 = Release|Any CPU
	EndGlobalSection
	GlobalSection(SolutionProperties) = preSolution
		HideSolutionNode = FALSE
	EndGlobalSection
							GlobalSection(MonoDevelopProperties) = preSolution
		StartupItem = Assembly-CSharp.csproj
		Policies = $0
		$0.TextStylePolicy = $1
		$1.inheritsSet = null
		$1.scope = text/x-csharp
		$0.CSharpFormattingPolicy = $2
		$2.inheritsSet = Mono
		$2.inheritsScope = text/x-csharp
		$2.scope = text/x-csharp
		$0.TextStylePolicy = $3
		$3.FileWidth = 120
		$3.TabWidth = 4
		$3.IndentWidth = 4
		$3.EolMarker = Unix
		$3.inheritsSet = Mono
		$3.inheritsScope = text/plain
		$3.scope = text/plain
	EndGlobalSection

EndGlobal
